
Microsoft Visual Studio Solution File, Format Version 12.00
# Visual Studio 2015
Project("{FAE04EC0-301F-11D3-BF4B-00C04F79EFBC}") = "Microsoft.Band.Store", "Microsoft.Band.Store.csproj", "{441142B2-ACC8-401E-887D-A3A65B67E818}"
EndProject
Global
	GlobalSection(SolutionConfigurationPlatforms) = preSolution
		Debug|Any CPU = Debug|Any CPU
		Release|Any CPU = Release|Any CPU
	EndGlobalSection
	GlobalSection(ProjectConfigurationPlatforms) = postSolution
		{441142B2-ACC8-401E-887D-A3A65B67E818}.Debug|Any CPU.ActiveCfg = Debug|Any CPU
		{441142B2-ACC8-401E-887D-A3A65B67E818}.Debug|Any CPU.Build.0 = Debug|Any CPU
		{441142B2-ACC8-401E-887D-A3A65B67E818}.Release|Any CPU.ActiveCfg = Release|Any CPU
		{441142B2-ACC8-401E-887D-A3A65B67E818}.Release|Any CPU.Build.0 = Release|Any CPU
	EndGlobalSection
	GlobalSection(SolutionProperties) = preSolution
		HideSolutionNode = FALSE
	EndGlobalSection
EndGlobal
